// !$*UTF8*$!
{
	archiveVersion = 1;
	classes = {
	};
	objectVersion = 51;
	objects = {

/* Begin PBXBuildFile section */
		38A8CC41E47689FE2C8960ED /* Pods_oonishiReonKadai8.framework in Frameworks */ = {isa = PBXBuildFile; fileRef = D96886A4DB31D6EA8317EE98 /* Pods_oonishiReonKadai8.framework */; };
		AB0979E7268865D7009873D2 /* AppDelegate.swift in Sources */ = {isa = PBXBuildFile; fileRef = AB0979E6268865D7009873D2 /* AppDelegate.swift */; };
		AB0979E9268865D7009873D2 /* SceneDelegate.swift in Sources */ = {isa = PBXBuildFile; fileRef = AB0979E8268865D7009873D2 /* SceneDelegate.swift */; };
		AB0979EE268865D7009873D2 /* Main.storyboard in Resources */ = {isa = PBXBuildFile; fileRef = AB0979EC268865D7009873D2 /* Main.storyboard */; };
		AB0979F0268865D8009873D2 /* Assets.xcassets in Resources */ = {isa = PBXBuildFile; fileRef = AB0979EF268865D8009873D2 /* Assets.xcassets */; };
		AB0979F3268865D8009873D2 /* LaunchScreen.storyboard in Resources */ = {isa = PBXBuildFile; fileRef = AB0979F1268865D8009873D2 /* LaunchScreen.storyboard */; };
		AB0979FB268867D7009873D2 /* FirstViewController.swift in Sources */ = {isa = PBXBuildFile; fileRef = AB0979FA268867D7009873D2 /* FirstViewController.swift */; };
		AB0979FD268867E1009873D2 /* SecondViewController.swift in Sources */ = {isa = PBXBuildFile; fileRef = AB0979FC268867E1009873D2 /* SecondViewController.swift */; };
		AB097A042688748F009873D2 /* ViewModel.swift in Sources */ = {isa = PBXBuildFile; fileRef = AB097A032688748F009873D2 /* ViewModel.swift */; };
		AB526D6F269343A400DEC581 /* ModelLocator.swift in Sources */ = {isa = PBXBuildFile; fileRef = AB526D6E269343A400DEC581 /* ModelLocator.swift */; };
		AB526D712693440F00DEC581 /* ValueUseCase.swift in Sources */ = {isa = PBXBuildFile; fileRef = AB526D702693440F00DEC581 /* ValueUseCase.swift */; };
/* End PBXBuildFile section */

/* Begin PBXFileReference section */
		19EB9733D269682B970C2146 /* Pods-oonishiReonKadai8.debug.xcconfig */ = {isa = PBXFileReference; includeInIndex = 1; lastKnownFileType = text.xcconfig; name = "Pods-oonishiReonKadai8.debug.xcconfig"; path = "Target Support Files/Pods-oonishiReonKadai8/Pods-oonishiReonKadai8.debug.xcconfig"; sourceTree = "<group>"; };
		995A018855F0C9AA3D495E83 /* Pods-oonishiReonKadai8.release.xcconfig */ = {isa = PBXFileReference; includeInIndex = 1; lastKnownFileType = text.xcconfig; name = "Pods-oonishiReonKadai8.release.xcconfig"; path = "Target Support Files/Pods-oonishiReonKadai8/Pods-oonishiReonKadai8.release.xcconfig"; sourceTree = "<group>"; };
		AB0979E3268865D7009873D2 /* oonishiReonKadai8.app */ = {isa = PBXFileReference; explicitFileType = wrapper.application; includeInIndex = 0; path = oonishiReonKadai8.app; sourceTree = BUILT_PRODUCTS_DIR; };
		AB0979E6268865D7009873D2 /* AppDelegate.swift */ = {isa = PBXFileReference; lastKnownFileType = sourcecode.swift; path = AppDelegate.swift; sourceTree = "<group>"; };
		AB0979E8268865D7009873D2 /* SceneDelegate.swift */ = {isa = PBXFileReference; lastKnownFileType = sourcecode.swift; path = SceneDelegate.swift; sourceTree = "<group>"; };
		AB0979ED268865D7009873D2 /* Base */ = {isa = PBXFileReference; lastKnownFileType = file.storyboard; name = Base; path = Base.lproj/Main.storyboard; sourceTree = "<group>"; };
		AB0979EF268865D8009873D2 /* Assets.xcassets */ = {isa = PBXFileReference; lastKnownFileType = folder.assetcatalog; path = Assets.xcassets; sourceTree = "<group>"; };
		AB0979F2268865D8009873D2 /* Base */ = {isa = PBXFileReference; lastKnownFileType = file.storyboard; name = Base; path = Base.lproj/LaunchScreen.storyboard; sourceTree = "<group>"; };
		AB0979F4268865D8009873D2 /* Info.plist */ = {isa = PBXFileReference; lastKnownFileType = text.plist.xml; path = Info.plist; sourceTree = "<group>"; };
		AB0979FA268867D7009873D2 /* FirstViewController.swift */ = {isa = PBXFileReference; lastKnownFileType = sourcecode.swift; path = FirstViewController.swift; sourceTree = "<group>"; };
		AB0979FC268867E1009873D2 /* SecondViewController.swift */ = {isa = PBXFileReference; lastKnownFileType = sourcecode.swift; path = SecondViewController.swift; sourceTree = "<group>"; };
		AB097A032688748F009873D2 /* ViewModel.swift */ = {isa = PBXFileReference; lastKnownFileType = sourcecode.swift; path = ViewModel.swift; sourceTree = "<group>"; };
		AB526D6E269343A400DEC581 /* ModelLocator.swift */ = {isa = PBXFileReference; lastKnownFileType = sourcecode.swift; path = ModelLocator.swift; sourceTree = "<group>"; };
		AB526D702693440F00DEC581 /* ValueUseCase.swift */ = {isa = PBXFileReference; lastKnownFileType = sourcecode.swift; path = ValueUseCase.swift; sourceTree = "<group>"; };
		D96886A4DB31D6EA8317EE98 /* Pods_oonishiReonKadai8.framework */ = {isa = PBXFileReference; explicitFileType = wrapper.framework; includeInIndex = 0; path = Pods_oonishiReonKadai8.framework; sourceTree = BUILT_PRODUCTS_DIR; };
/* End PBXFileReference section */

/* Begin PBXFrameworksBuildPhase section */
		AB0979E0268865D7009873D2 /* Frameworks */ = {
			isa = PBXFrameworksBuildPhase;
			buildActionMask = 2147483647;
			files = (
				38A8CC41E47689FE2C8960ED /* Pods_oonishiReonKadai8.framework in Frameworks */,
			);
			runOnlyForDeploymentPostprocessing = 0;
		};
/* End PBXFrameworksBuildPhase section */

/* Begin PBXGroup section */
		8ABE7569B17A1A9A332E3E35 /* Frameworks */ = {
			isa = PBXGroup;
			children = (
				D96886A4DB31D6EA8317EE98 /* Pods_oonishiReonKadai8.framework */,
			);
			name = Frameworks;
			sourceTree = "<group>";
		};
		AB0979DA268865D7009873D2 = {
			isa = PBXGroup;
			children = (
				AB0979E5268865D7009873D2 /* oonishiReonKadai8 */,
				AB0979E4268865D7009873D2 /* Products */,
				D7C7C379AFA852D4EF589CBC /* Pods */,
				8ABE7569B17A1A9A332E3E35 /* Frameworks */,
			);
			sourceTree = "<group>";
		};
		AB0979E4268865D7009873D2 /* Products */ = {
			isa = PBXGroup;
			children = (
				AB0979E3268865D7009873D2 /* oonishiReonKadai8.app */,
			);
			name = Products;
			sourceTree = "<group>";
		};
		AB0979E5268865D7009873D2 /* oonishiReonKadai8 */ = {
			isa = PBXGroup;
			children = (
				AB0979FE26886852009873D2 /* Model */,
				AB097A002688685E009873D2 /* View */,
				AB0979FF26886858009873D2 /* ViewModel */,
				AB0979E6268865D7009873D2 /* AppDelegate.swift */,
				AB0979E8268865D7009873D2 /* SceneDelegate.swift */,
				AB0979EF268865D8009873D2 /* Assets.xcassets */,
				AB0979F1268865D8009873D2 /* LaunchScreen.storyboard */,
				AB0979F4268865D8009873D2 /* Info.plist */,
			);
			path = oonishiReonKadai8;
			sourceTree = "<group>";
		};
		AB0979FE26886852009873D2 /* Model */ = {
			isa = PBXGroup;
			children = (
				AB526D6E269343A400DEC581 /* ModelLocator.swift */,
				AB526D702693440F00DEC581 /* ValueUseCase.swift */,
			);
			path = Model;
			sourceTree = "<group>";
		};
		AB0979FF26886858009873D2 /* ViewModel */ = {
			isa = PBXGroup;
			children = (
				AB097A032688748F009873D2 /* ViewModel.swift */,
			);
			path = ViewModel;
			sourceTree = "<group>";
		};
		AB097A002688685E009873D2 /* View */ = {
			isa = PBXGroup;
			children = (
				AB0979EC268865D7009873D2 /* Main.storyboard */,
				AB0979FA268867D7009873D2 /* FirstViewController.swift */,
				AB0979FC268867E1009873D2 /* SecondViewController.swift */,
			);
			path = View;
			sourceTree = "<group>";
		};
		D7C7C379AFA852D4EF589CBC /* Pods */ = {
			isa = PBXGroup;
			children = (
				19EB9733D269682B970C2146 /* Pods-oonishiReonKadai8.debug.xcconfig */,
				995A018855F0C9AA3D495E83 /* Pods-oonishiReonKadai8.release.xcconfig */,
			);
			path = Pods;
			sourceTree = "<group>";
		};
/* End PBXGroup section */

/* Begin PBXNativeTarget section */
		AB0979E2268865D7009873D2 /* oonishiReonKadai8 */ = {
			isa = PBXNativeTarget;
			buildConfigurationList = AB0979F7268865D8009873D2 /* Build configuration list for PBXNativeTarget "oonishiReonKadai8" */;
			buildPhases = (
				85DF5539692872D7B97DE67A /* [CP] Check Pods Manifest.lock */,
				AB0979DF268865D7009873D2 /* Sources */,
				AB0979E0268865D7009873D2 /* Frameworks */,
				AB0979E1268865D7009873D2 /* Resources */,
				9F5BA30EF96BA061C07FE55B /* [CP] Embed Pods Frameworks */,
			);
			buildRules = (
			);
			dependencies = (
			);
			name = oonishiReonKadai8;
			productName = oonishiReonKadai8;
			productReference = AB0979E3268865D7009873D2 /* oonishiReonKadai8.app */;
			productType = "com.apple.product-type.application";
		};
/* End PBXNativeTarget section */

/* Begin PBXProject section */
		AB0979DB268865D7009873D2 /* Project object */ = {
			isa = PBXProject;
			attributes = {
				LastSwiftUpdateCheck = 1250;
				LastUpgradeCheck = 1250;
				TargetAttributes = {
					AB0979E2268865D7009873D2 = {
						CreatedOnToolsVersion = 12.5.1;
					};
				};
			};
			buildConfigurationList = AB0979DE268865D7009873D2 /* Build configuration list for PBXProject "oonishiReonKadai8" */;
			compatibilityVersion = "Xcode 9.3";
			developmentRegion = en;
			hasScannedForEncodings = 0;
			knownRegions = (
				en,
				Base,
			);
			mainGroup = AB0979DA268865D7009873D2;
			productRefGroup = AB0979E4268865D7009873D2 /* Products */;
			projectDirPath = "";
			projectRoot = "";
			targets = (
				AB0979E2268865D7009873D2 /* oonishiReonKadai8 */,
			);
		};
/* End PBXProject section */

/* Begin PBXResourcesBuildPhase section */
		AB0979E1268865D7009873D2 /* Resources */ = {
			isa = PBXResourcesBuildPhase;
			buildActionMask = 2147483647;
			files = (
				AB0979F3268865D8009873D2 /* LaunchScreen.storyboard in Resources */,
				AB0979F0268865D8009873D2 /* Assets.xcassets in Resources */,
				AB0979EE268865D7009873D2 /* Main.storyboard in Resources */,
			);
			runOnlyForDeploymentPostprocessing = 0;
		};
/* End PBXResourcesBuildPhase section */

/* Begin PBXShellScriptBuildPhase section */
		85DF5539692872D7B97DE67A /* [CP] Check Pods Manifest.lock */ = {
			isa = PBXShellScriptBuildPhase;
			buildActionMask = 2147483647;
			files = (
			);
			inputFileListPaths = (
			);
			inputPaths = (
				"${PODS_PODFILE_DIR_PATH}/Podfile.lock",
				"${PODS_ROOT}/Manifest.lock",
			);
			name = "[CP] Check Pods Manifest.lock";
			outputFileListPaths = (
			);
			outputPaths = (
				"$(DERIVED_FILE_DIR)/Pods-oonishiReonKadai8-checkManifestLockResult.txt",
			);
			runOnlyForDeploymentPostprocessing = 0;
			shellPath = /bin/sh;
			shellScript = "diff \"${PODS_PODFILE_DIR_PATH}/Podfile.lock\" \"${PODS_ROOT}/Manifest.lock\" > /dev/null\nif [ $? != 0 ] ; then\n    # print error to STDERR\n    echo \"error: The sandbox is not in sync with the Podfile.lock. Run 'pod install' or update your CocoaPods installation.\" >&2\n    exit 1\nfi\n# This output is used by Xcode 'outputs' to avoid re-running this script phase.\necho \"SUCCESS\" > \"${SCRIPT_OUTPUT_FILE_0}\"\n";
			showEnvVarsInLog = 0;
		};
		9F5BA30EF96BA061C07FE55B /* [CP] Embed Pods Frameworks */ = {
			isa = PBXShellScriptBuildPhase;
			buildActionMask = 2147483647;
			files = (
			);
			inputFileListPaths = (
				"${PODS_ROOT}/Target Support Files/Pods-oonishiReonKadai8/Pods-oonishiReonKadai8-frameworks-${CONFIGURATION}-input-files.xcfilelist",
			);
			name = "[CP] Embed Pods Frameworks";
			outputFileListPaths = (
				"${PODS_ROOT}/Target Support Files/Pods-oonishiReonKadai8/Pods-oonishiReonKadai8-frameworks-${CONFIGURATION}-output-files.xcfilelist",
			);
			runOnlyForDeploymentPostprocessing = 0;
			shellPath = /bin/sh;
			shellScript = "\"${PODS_ROOT}/Target Support Files/Pods-oonishiReonKadai8/Pods-oonishiReonKadai8-frameworks.sh\"\n";
			showEnvVarsInLog = 0;
		};
/* End PBXShellScriptBuildPhase section */

/* Begin PBXSourcesBuildPhase section */
		AB0979DF268865D7009873D2 /* Sources */ = {
			isa = PBXSourcesBuildPhase;
			buildActionMask = 2147483647;
			files = (
				AB0979E7268865D7009873D2 /* AppDelegate.swift in Sources */,
				AB0979E9268865D7009873D2 /* SceneDelegate.swift in Sources */,
				AB526D6F269343A400DEC581 /* ModelLocator.swift in Sources */,
				AB0979FD268867E1009873D2 /* SecondViewController.swift in Sources */,
				AB097A042688748F009873D2 /* ViewModel.swift in Sources */,
				AB0979FB268867D7009873D2 /* FirstViewController.swift in Sources */,
				AB526D712693440F00DEC581 /* ValueUseCase.swift in Sources */,
			);
			runOnlyForDeploymentPostprocessing = 0;
		};
/* End PBXSourcesBuildPhase section */

/* Begin PBXVariantGroup section */
		AB0979EC268865D7009873D2 /* Main.storyboard */ = {
			isa = PBXVariantGroup;
			children = (
				AB0979ED268865D7009873D2 /* Base */,
			);
			name = Main.storyboard;
			sourceTree = "<group>";
		};
		AB0979F1268865D8009873D2 /* LaunchScreen.storyboard */ = {
			isa = PBXVariantGroup;
			children = (
				AB0979F2268865D8009873D2 /* Base */,
			);
			name = LaunchScreen.storyboard;
			sourceTree = "<group>";
		};
/* End PBXVariantGroup section */

/* Begin XCBuildConfiguration section */
		AB0979F5268865D8009873D2 /* Debug */ = {
			isa = XCBuildConfiguration;
			buildSettings = {
				ALWAYS_SEARCH_USER_PATHS = NO;
				CLANG_ANALYZER_NONNULL = YES;
				CLANG_ANALYZER_NUMBER_OBJECT_CONVERSION = YES_AGGRESSIVE;
				CLANG_CXX_LANGUAGE_STANDARD = "gnu++14";
				CLANG_CXX_LIBRARY = "libc++";
				CLANG_ENABLE_MODULES = YES;
				CLANG_ENABLE_OBJC_ARC = YES;
				CLANG_ENABLE_OBJC_WEAK = YES;
				CLANG_WARN_BLOCK_CAPTURE_AUTORELEASING = YES;
				CLANG_WARN_BOOL_CONVERSION = YES;
				CLANG_WARN_COMMA = YES;
				CLANG_WARN_CONSTANT_CONVERSION = YES;
				CLANG_WARN_DEPRECATED_OBJC_IMPLEMENTATIONS = YES;
				CLANG_WARN_DIRECT_OBJC_ISA_USAGE = YES_ERROR;
				CLANG_WARN_DOCUMENTATION_COMMENTS = YES;
				CLANG_WARN_EMPTY_BODY = YES;
				CLANG_WARN_ENUM_CONVERSION = YES;
				CLANG_WARN_INFINITE_RECURSION = YES;
				CLANG_WARN_INT_CONVERSION = YES;
				CLANG_WARN_NON_LITERAL_NULL_CONVERSION = YES;
				CLANG_WARN_OBJC_IMPLICIT_RETAIN_SELF = YES;
				CLANG_WARN_OBJC_LITERAL_CONVERSION = YES;
				CLANG_WARN_OBJC_ROOT_CLASS = YES_ERROR;
				CLANG_WARN_QUOTED_INCLUDE_IN_FRAMEWORK_HEADER = YES;
				CLANG_WARN_RANGE_LOOP_ANALYSIS = YES;
				CLANG_WARN_STRICT_PROTOTYPES = YES;
				CLANG_WARN_SUSPICIOUS_MOVE = YES;
				CLANG_WARN_UNGUARDED_AVAILABILITY = YES_AGGRESSIVE;
				CLANG_WARN_UNREACHABLE_CODE = YES;
				CLANG_WARN__DUPLICATE_METHOD_MATCH = YES;
				COPY_PHASE_STRIP = NO;
				DEBUG_INFORMATION_FORMAT = dwarf;
				ENABLE_STRICT_OBJC_MSGSEND = YES;
				ENABLE_TESTABILITY = YES;
				GCC_C_LANGUAGE_STANDARD = gnu11;
				GCC_DYNAMIC_NO_PIC = NO;
				GCC_NO_COMMON_BLOCKS = YES;
				GCC_OPTIMIZATION_LEVEL = 0;
				GCC_PREPROCESSOR_DEFINITIONS = (
					"DEBUG=1",
					"$(inherited)",
				);
				GCC_WARN_64_TO_32_BIT_CONVERSION = YES;
				GCC_WARN_ABOUT_RETURN_TYPE = YES_ERROR;
				GCC_WARN_UNDECLARED_SELECTOR = YES;
				GCC_WARN_UNINITIALIZED_AUTOS = YES_AGGRESSIVE;
				GCC_WARN_UNUSED_FUNCTION = YES;
				GCC_WARN_UNUSED_VARIABLE = YES;
				IPHONEOS_DEPLOYMENT_TARGET = 14.5;
				MTL_ENABLE_DEBUG_INFO = INCLUDE_SOURCE;
				MTL_FAST_MATH = YES;
				ONLY_ACTIVE_ARCH = YES;
				SDKROOT = iphoneos;
				SWIFT_ACTIVE_COMPILATION_CONDITIONS = DEBUG;
				SWIFT_OPTIMIZATION_LEVEL = "-Onone";
			};
			name = Debug;
		};
		AB0979F6268865D8009873D2 /* Release */ = {
			isa = XCBuildConfiguration;
			buildSettings = {
				ALWAYS_SEARCH_USER_PATHS = NO;
				CLANG_ANALYZER_NONNULL = YES;
				CLANG_ANALYZER_NUMBER_OBJECT_CONVERSION = YES_AGGRESSIVE;
				CLANG_CXX_LANGUAGE_STANDARD = "gnu++14";
				CLANG_CXX_LIBRARY = "libc++";
				CLANG_ENABLE_MODULES = YES;
				CLANG_ENABLE_OBJC_ARC = YES;
				CLANG_ENABLE_OBJC_WEAK = YES;
				CLANG_WARN_BLOCK_CAPTURE_AUTORELEASING = YES;
				CLANG_WARN_BOOL_CONVERSION = YES;
				CLANG_WARN_COMMA = YES;
				CLANG_WARN_CONSTANT_CONVERSION = YES;
				CLANG_WARN_DEPRECATED_OBJC_IMPLEMENTATIONS = YES;
				CLANG_WARN_DIRECT_OBJC_ISA_USAGE = YES_ERROR;
				CLANG_WARN_DOCUMENTATION_COMMENTS = YES;
				CLANG_WARN_EMPTY_BODY = YES;
				CLANG_WARN_ENUM_CONVERSION = YES;
				CLANG_WARN_INFINITE_RECURSION = YES;
				CLANG_WARN_INT_CONVERSION = YES;
				CLANG_WARN_NON_LITERAL_NULL_CONVERSION = YES;
				CLANG_WARN_OBJC_IMPLICIT_RETAIN_SELF = YES;
				CLANG_WARN_OBJC_LITERAL_CONVERSION = YES;
				CLANG_WARN_OBJC_ROOT_CLASS = YES_ERROR;
				CLANG_WARN_QUOTED_INCLUDE_IN_FRAMEWORK_HEADER = YES;
				CLANG_WARN_RANGE_LOOP_ANALYSIS = YES;
				CLANG_WARN_STRICT_PROTOTYPES = YES;
				CLANG_WARN_SUSPICIOUS_MOVE = YES;
				CLANG_WARN_UNGUARDED_AVAILABILITY = YES_AGGRESSIVE;
				CLANG_WARN_UNREACHABLE_CODE = YES;
				CLANG_WARN__DUPLICATE_METHOD_MATCH = YES;
				COPY_PHASE_STRIP = NO;
				DEBUG_INFORMATION_FORMAT = "dwarf-with-dsym";
				ENABLE_NS_ASSERTIONS = NO;
				ENABLE_STRICT_OBJC_MSGSEND = YES;
				GCC_C_LANGUAGE_STANDARD = gnu11;
				GCC_NO_COMMON_BLOCKS = YES;
				GCC_WARN_64_TO_32_BIT_CONVERSION = YES;
				GCC_WARN_ABOUT_RETURN_TYPE = YES_ERROR;
				GCC_WARN_UNDECLARED_SELECTOR = YES;
				GCC_WARN_UNINITIALIZED_AUTOS = YES_AGGRESSIVE;
				GCC_WARN_UNUSED_FUNCTION = YES;
				GCC_WARN_UNUSED_VARIABLE = YES;
				IPHONEOS_DEPLOYMENT_TARGET = 14.5;
				MTL_ENABLE_DEBUG_INFO = NO;
				MTL_FAST_MATH = YES;
				SDKROOT = iphoneos;
				SWIFT_COMPILATION_MODE = wholemodule;
				SWIFT_OPTIMIZATION_LEVEL = "-O";
				VALIDATE_PRODUCT = YES;
			};
			name = Release;
		};
		AB0979F8268865D8009873D2 /* Debug */ = {
			isa = XCBuildConfiguration;
			baseConfigurationReference = 19EB9733D269682B970C2146 /* Pods-oonishiReonKadai8.debug.xcconfig */;
			buildSettings = {
				ASSETCATALOG_COMPILER_APPICON_NAME = AppIcon;
				ASSETCATALOG_COMPILER_GLOBAL_ACCENT_COLOR_NAME = AccentColor;
				CODE_SIGN_STYLE = Automatic;
				DEVELOPMENT_TEAM = 242KS3V77L;
				INFOPLIST_FILE = oonishiReonKadai8/Info.plist;
				LD_RUNPATH_SEARCH_PATHS = (
					"$(inherited)",
					"@executable_path/Frameworks",
				);
				PRODUCT_BUNDLE_IDENTIFIER = oonishireon.oonishiReonKadai8;
				PRODUCT_NAME = "$(TARGET_NAME)";
				SWIFT_VERSION = 5.0;
				TARGETED_DEVICE_FAMILY = "1,2";
			};
			name = Debug;
		};
		AB0979F9268865D8009873D2 /* Release */ = {
			isa = XCBuildConfiguration;
			baseConfigurationReference = 995A018855F0C9AA3D495E83 /* Pods-oonishiReonKadai8.release.xcconfig */;
			buildSettings = {
				ASSETCATALOG_COMPILER_APPICON_NAME = AppIcon;
				ASSETCATALOG_COMPILER_GLOBAL_ACCENT_COLOR_NAME = AccentColor;
				CODE_SIGN_STYLE = Automatic;
				DEVELOPMENT_TEAM = 242KS3V77L;
				INFOPLIST_FILE = oonishiReonKadai8/Info.plist;
				LD_RUNPATH_SEARCH_PATHS = (
					"$(inherited)",
					"@executable_path/Frameworks",
				);
				PRODUCT_BUNDLE_IDENTIFIER = oonishireon.oonishiReonKadai8;
				PRODUCT_NAME = "$(TARGET_NAME)";
				SWIFT_VERSION = 5.0;
				TARGETED_DEVICE_FAMILY = "1,2";
			};
			name = Release;
		};
/* End XCBuildConfiguration section */

/* Begin XCConfigurationList section */
		AB0979DE268865D7009873D2 /* Build configuration list for PBXProject "oonishiReonKadai8" */ = {
			isa = XCConfigurationList;
			buildConfigurations = (
				AB0979F5268865D8009873D2 /* Debug */,
				AB0979F6268865D8009873D2 /* Release */,
			);
			defaultConfigurationIsVisible = 0;
			defaultConfigurationName = Release;
		};
		AB0979F7268865D8009873D2 /* Build configuration list for PBXNativeTarget "oonishiReonKadai8" */ = {
			isa = XCConfigurationList;
			buildConfigurations = (
				AB0979F8268865D8009873D2 /* Debug */,
				AB0979F9268865D8009873D2 /* Release */,
			);
			defaultConfigurationIsVisible = 0;
			defaultConfigurationName = Release;
		};
/* End XCConfigurationList section */
	};
	rootObject = AB0979DB268865D7009873D2 /* Project object */;
}
